
Microsoft Visual Studio Solution File, Format Version 12.00
# Visual Studio 2012
Project("{FAE04EC0-301F-11D3-BF4B-00C04F79EFBC}") = "Lab10", "Lab10\Lab10.csproj", "{CA6FB669-AC9D-44D2-B7FD-56026874AC12}"
EndProject
Global
	GlobalSection(SolutionConfigurationPlatforms) = preSolution
		Debug|Any CPU = Debug|Any CPU
		Release|Any CPU = Release|Any CPU
	EndGlobalSection
	GlobalSection(ProjectConfigurationPlatforms) = postSolution
		{CA6FB669-AC9D-44D2-B7FD-56026874AC12}.Debug|Any CPU.ActiveCfg = Debug|Any CPU
		{CA6FB669-AC9D-44D2-B7FD-56026874AC12}.Debug|Any CPU.Build.0 = Debug|Any CPU
		{CA6FB669-AC9D-44D2-B7FD-56026874AC12}.Release|Any CPU.ActiveCfg = Release|Any CPU
		{CA6FB669-AC9D-44D2-B7FD-56026874AC12}.Release|Any CPU.Build.0 = Release|Any CPU
	EndGlobalSection
EndGlobal
