
Microsoft Visual Studio Solution File, Format Version 12.00
# Visual Studio 2012
Project("{FAE04EC0-301F-11D3-BF4B-00C04F79EFBC}") = "Lab07", "Lab07\Lab07.csproj", "{72F5CF82-5F8E-418A-8BEA-EEF2E402F820}"
EndProject
Global
	GlobalSection(SolutionConfigurationPlatforms) = preSolution
		Debug|Any CPU = Debug|Any CPU
		Release|Any CPU = Release|Any CPU
	EndGlobalSection
	GlobalSection(ProjectConfigurationPlatforms) = postSolution
		{72F5CF82-5F8E-418A-8BEA-EEF2E402F820}.Debug|Any CPU.ActiveCfg = Debug|Any CPU
		{72F5CF82-5F8E-418A-8BEA-EEF2E402F820}.Debug|Any CPU.Build.0 = Debug|Any CPU
		{72F5CF82-5F8E-418A-8BEA-EEF2E402F820}.Release|Any CPU.ActiveCfg = Release|Any CPU
		{72F5CF82-5F8E-418A-8BEA-EEF2E402F820}.Release|Any CPU.Build.0 = Release|Any CPU
	EndGlobalSection
EndGlobal
